
Microsoft Visual Studio Solution File, Format Version 12.00
# Visual Studio Version 17
VisualStudioVersion = 17.5.2.0
MinimumVisualStudioVersion = 10.0.40219.1
Project("{FAE04EC0-301F-11D3-BF4B-00C04F79EFBC}") = "SevenDev.Boundless.Injection", "SevenDev.Boundless.Injection\SevenDev.Boundless.Injection.csproj", "{9D176618-9175-4F52-A840-8A007D076495}"
EndProject
Project("{FAE04EC0-301F-11D3-BF4B-00C04F79EFBC}") = "SevenDev.Boundless.Injection.Generators", "SevenDev.Boundless.Injection.Generators\SevenDev.Boundless.Injection.Generators.csproj", "{46048778-E0A0-4580-93E7-3785E11877B3}"
EndProject
Project("{FAE04EC0-301F-11D3-BF4B-00C04F79EFBC}") = "SevenDev.Boundless.Injection.Tests", "SevenDev.Boundless.Injection.Tests\SevenDev.Boundless.Injection.Tests.csproj", "{F1D074F0-0C90-42AC-ACBB-5167B45FBB64}"
EndProject
Global
	GlobalSection(SolutionConfigurationPlatforms) = preSolution
		Debug|Any CPU = Debug|Any CPU
		Release|Any CPU = Release|Any CPU
	EndGlobalSection
	GlobalSection(ProjectConfigurationPlatforms) = postSolution
		{9D176618-9175-4F52-A840-8A007D076495}.Debug|Any CPU.ActiveCfg = Debug|Any CPU
		{9D176618-9175-4F52-A840-8A007D076495}.Debug|Any CPU.Build.0 = Debug|Any CPU
		{9D176618-9175-4F52-A840-8A007D076495}.Release|Any CPU.ActiveCfg = Release|Any CPU
		{9D176618-9175-4F52-A840-8A007D076495}.Release|Any CPU.Build.0 = Release|Any CPU
		{46048778-E0A0-4580-93E7-3785E11877B3}.Debug|Any CPU.ActiveCfg = Debug|Any CPU
		{46048778-E0A0-4580-93E7-3785E11877B3}.Debug|Any CPU.Build.0 = Debug|Any CPU
		{46048778-E0A0-4580-93E7-3785E11877B3}.Release|Any CPU.ActiveCfg = Release|Any CPU
		{46048778-E0A0-4580-93E7-3785E11877B3}.Release|Any CPU.Build.0 = Release|Any CPU
		{F1D074F0-0C90-42AC-ACBB-5167B45FBB64}.Debug|Any CPU.ActiveCfg = Debug|Any CPU
		{F1D074F0-0C90-42AC-ACBB-5167B45FBB64}.Debug|Any CPU.Build.0 = Debug|Any CPU
		{F1D074F0-0C90-42AC-ACBB-5167B45FBB64}.Release|Any CPU.ActiveCfg = Release|Any CPU
		{F1D074F0-0C90-42AC-ACBB-5167B45FBB64}.Release|Any CPU.Build.0 = Release|Any CPU
	EndGlobalSection
	GlobalSection(SolutionProperties) = preSolution
		HideSolutionNode = FALSE
	EndGlobalSection
	GlobalSection(ExtensibilityGlobals) = postSolution
		SolutionGuid = {F8F64848-E7D0-47FC-838F-AEC548EBCACE}
	EndGlobalSection
EndGlobal
